
Microsoft Visual Studio Solution File, Format Version 12.00
# Visual Studio Version 16
VisualStudioVersion = 16.0.30717.126
MinimumVisualStudioVersion = 10.0.40219.1
Project("{FAE04EC0-301F-11D3-BF4B-00C04F79EFBC}") = "PortalGroup-Omer_Karagulmez", "PortalGroup-Omer_Karagulmez\PortalGroup-Omer_Karagulmez.csproj", "{4D89C823-6A7A-4E38-98EC-5E7C82FFCB43}"
EndProject
Global
	GlobalSection(SolutionConfigurationPlatforms) = preSolution
		Debug|Any CPU = Debug|Any CPU
		Release|Any CPU = Release|Any CPU
	EndGlobalSection
	GlobalSection(ProjectConfigurationPlatforms) = postSolution
		{4D89C823-6A7A-4E38-98EC-5E7C82FFCB43}.Debug|Any CPU.ActiveCfg = Debug|Any CPU
		{4D89C823-6A7A-4E38-98EC-5E7C82FFCB43}.Debug|Any CPU.Build.0 = Debug|Any CPU
		{4D89C823-6A7A-4E38-98EC-5E7C82FFCB43}.Release|Any CPU.ActiveCfg = Release|Any CPU
		{4D89C823-6A7A-4E38-98EC-5E7C82FFCB43}.Release|Any CPU.Build.0 = Release|Any CPU
	EndGlobalSection
	GlobalSection(SolutionProperties) = preSolution
		HideSolutionNode = FALSE
	EndGlobalSection
	GlobalSection(ExtensibilityGlobals) = postSolution
		SolutionGuid = {951B75C1-9028-4FC7-90ED-5C3DA8F6B4CE}
	EndGlobalSection
EndGlobal
